
Microsoft Visual Studio Solution File, Format Version 12.00
# Visual Studio Version 16
VisualStudioVersion = 16.0.29613.14
MinimumVisualStudioVersion = 10.0.40219.1
Project("{9A19103F-16F7-4668-BE54-9A1E7A4F7556}") = "Blog.Core", "Blog.Core\Blog.Core.csproj", "{04A3E075-086C-4EDB-8AED-344F0B898844}"
EndProject
Project("{2150E333-8FDC-42A3-9474-1A3956D46DE8}") = "Data", "Data", "{70859333-C119-4CC3-9643-A6F7975B9057}"
EndProject
Project("{2150E333-8FDC-42A3-9474-1A3956D46DE8}") = "Services", "Services", "{D41A8185-7225-443F-915F-D0817C25EF6C}"
EndProject
Project("{2150E333-8FDC-42A3-9474-1A3956D46DE8}") = "Tests", "Tests", "{DE623836-6B38-4683-BAAE-301912A7629F}"
EndProject
Project("{2150E333-8FDC-42A3-9474-1A3956D46DE8}") = "Web", "Web", "{43BC8307-C7C8-4B0B-92C1-6021EEEE7023}"
EndProject
Project("{9A19103F-16F7-4668-BE54-9A1E7A4F7556}") = "Blog.Web", "Blog.Web\Blog.Web.csproj", "{7D3A7ABA-C78D-48C3-AB88-5AE8C8C1CE9E}"
EndProject
Project("{9A19103F-16F7-4668-BE54-9A1E7A4F7556}") = "ApiTest", "ApiTest\ApiTest.csproj", "{54C7CAAB-41E9-4805-AA40-C1F30A626A1E}"
EndProject
Project("{9A19103F-16F7-4668-BE54-9A1E7A4F7556}") = "Blog.Services", "Services\Blog.Services\Blog.Services.csproj", "{6057391A-EAAA-457A-9E3F-39D57217E74C}"
EndProject
Project("{9A19103F-16F7-4668-BE54-9A1E7A4F7556}") = "Blog.Services.Core", "Services\Blog.Services.Core\Blog.Services.Core.csproj", "{4C84F4BD-EE3C-4DA3-9F00-AAD5FCC6A2AC}"
EndProject
Project("{9A19103F-16F7-4668-BE54-9A1E7A4F7556}") = "Blog.Data", "Data\Blog.Data\Blog.Data.csproj", "{C18BDC07-5C81-42F0-B496-0DD14307AEFE}"
EndProject
Project("{9A19103F-16F7-4668-BE54-9A1E7A4F7556}") = "Blog.Data.Core", "Data\Blog.Data.Core\Blog.Data.Core.csproj", "{7EBFEC17-8381-4B36-B128-3A49EF1AF5D7}"
EndProject
Project("{9A19103F-16F7-4668-BE54-9A1E7A4F7556}") = "Blog.Data.Models", "Data\Blog.Data.Models\Blog.Data.Models.csproj", "{792E0726-804B-45CC-A1E0-D9137E7241E5}"
EndProject
Project("{9A19103F-16F7-4668-BE54-9A1E7A4F7556}") = "Blog.IntegrationTests", "Tests\Blog.IntegrationTests\Blog.IntegrationTests.csproj", "{F2CE2936-9A86-4B6E-81E6-073081664716}"
EndProject
Project("{FAE04EC0-301F-11D3-BF4B-00C04F79EFBC}") = "Blog.UnitTests", "Tests\Blog.UnitTests\Blog.UnitTests.csproj", "{BE3D24C6-0378-4779-B5AD-59E371B0749E}"
EndProject
Global
	GlobalSection(SolutionConfigurationPlatforms) = preSolution
		Debug|Any CPU = Debug|Any CPU
		Release|Any CPU = Release|Any CPU
	EndGlobalSection
	GlobalSection(ProjectConfigurationPlatforms) = postSolution
		{04A3E075-086C-4EDB-8AED-344F0B898844}.Debug|Any CPU.ActiveCfg = Debug|Any CPU
		{04A3E075-086C-4EDB-8AED-344F0B898844}.Debug|Any CPU.Build.0 = Debug|Any CPU
		{04A3E075-086C-4EDB-8AED-344F0B898844}.Release|Any CPU.ActiveCfg = Release|Any CPU
		{04A3E075-086C-4EDB-8AED-344F0B898844}.Release|Any CPU.Build.0 = Release|Any CPU
		{7D3A7ABA-C78D-48C3-AB88-5AE8C8C1CE9E}.Debug|Any CPU.ActiveCfg = Debug|Any CPU
		{7D3A7ABA-C78D-48C3-AB88-5AE8C8C1CE9E}.Debug|Any CPU.Build.0 = Debug|Any CPU
		{7D3A7ABA-C78D-48C3-AB88-5AE8C8C1CE9E}.Release|Any CPU.ActiveCfg = Release|Any CPU
		{7D3A7ABA-C78D-48C3-AB88-5AE8C8C1CE9E}.Release|Any CPU.Build.0 = Release|Any CPU
		{54C7CAAB-41E9-4805-AA40-C1F30A626A1E}.Debug|Any CPU.ActiveCfg = Debug|Any CPU
		{54C7CAAB-41E9-4805-AA40-C1F30A626A1E}.Debug|Any CPU.Build.0 = Debug|Any CPU
		{54C7CAAB-41E9-4805-AA40-C1F30A626A1E}.Release|Any CPU.ActiveCfg = Release|Any CPU
		{54C7CAAB-41E9-4805-AA40-C1F30A626A1E}.Release|Any CPU.Build.0 = Release|Any CPU
		{6057391A-EAAA-457A-9E3F-39D57217E74C}.Debug|Any CPU.ActiveCfg = Debug|Any CPU
		{6057391A-EAAA-457A-9E3F-39D57217E74C}.Debug|Any CPU.Build.0 = Debug|Any CPU
		{6057391A-EAAA-457A-9E3F-39D57217E74C}.Release|Any CPU.ActiveCfg = Release|Any CPU
		{6057391A-EAAA-457A-9E3F-39D57217E74C}.Release|Any CPU.Build.0 = Release|Any CPU
		{4C84F4BD-EE3C-4DA3-9F00-AAD5FCC6A2AC}.Debug|Any CPU.ActiveCfg = Debug|Any CPU
		{4C84F4BD-EE3C-4DA3-9F00-AAD5FCC6A2AC}.Debug|Any CPU.Build.0 = Debug|Any CPU
		{4C84F4BD-EE3C-4DA3-9F00-AAD5FCC6A2AC}.Release|Any CPU.ActiveCfg = Release|Any CPU
		{4C84F4BD-EE3C-4DA3-9F00-AAD5FCC6A2AC}.Release|Any CPU.Build.0 = Release|Any CPU
		{C18BDC07-5C81-42F0-B496-0DD14307AEFE}.Debug|Any CPU.ActiveCfg = Debug|Any CPU
		{C18BDC07-5C81-42F0-B496-0DD14307AEFE}.Debug|Any CPU.Build.0 = Debug|Any CPU
		{C18BDC07-5C81-42F0-B496-0DD14307AEFE}.Release|Any CPU.ActiveCfg = Release|Any CPU
		{C18BDC07-5C81-42F0-B496-0DD14307AEFE}.Release|Any CPU.Build.0 = Release|Any CPU
		{7EBFEC17-8381-4B36-B128-3A49EF1AF5D7}.Debug|Any CPU.ActiveCfg = Debug|Any CPU
		{7EBFEC17-8381-4B36-B128-3A49EF1AF5D7}.Debug|Any CPU.Build.0 = Debug|Any CPU
		{7EBFEC17-8381-4B36-B128-3A49EF1AF5D7}.Release|Any CPU.ActiveCfg = Release|Any CPU
		{7EBFEC17-8381-4B36-B128-3A49EF1AF5D7}.Release|Any CPU.Build.0 = Release|Any CPU
		{792E0726-804B-45CC-A1E0-D9137E7241E5}.Debug|Any CPU.ActiveCfg = Debug|Any CPU
		{792E0726-804B-45CC-A1E0-D9137E7241E5}.Debug|Any CPU.Build.0 = Debug|Any CPU
		{792E0726-804B-45CC-A1E0-D9137E7241E5}.Release|Any CPU.ActiveCfg = Release|Any CPU
		{792E0726-804B-45CC-A1E0-D9137E7241E5}.Release|Any CPU.Build.0 = Release|Any CPU
		{F2CE2936-9A86-4B6E-81E6-073081664716}.Debug|Any CPU.ActiveCfg = Debug|Any CPU
		{F2CE2936-9A86-4B6E-81E6-073081664716}.Debug|Any CPU.Build.0 = Debug|Any CPU
		{F2CE2936-9A86-4B6E-81E6-073081664716}.Release|Any CPU.ActiveCfg = Release|Any CPU
		{F2CE2936-9A86-4B6E-81E6-073081664716}.Release|Any CPU.Build.0 = Release|Any CPU
		{BE3D24C6-0378-4779-B5AD-59E371B0749E}.Debug|Any CPU.ActiveCfg = Debug|Any CPU
		{BE3D24C6-0378-4779-B5AD-59E371B0749E}.Debug|Any CPU.Build.0 = Debug|Any CPU
		{BE3D24C6-0378-4779-B5AD-59E371B0749E}.Release|Any CPU.ActiveCfg = Release|Any CPU
		{BE3D24C6-0378-4779-B5AD-59E371B0749E}.Release|Any CPU.Build.0 = Release|Any CPU
	EndGlobalSection
	GlobalSection(SolutionProperties) = preSolution
		HideSolutionNode = FALSE
	EndGlobalSection
	GlobalSection(NestedProjects) = preSolution
		{7D3A7ABA-C78D-48C3-AB88-5AE8C8C1CE9E} = {43BC8307-C7C8-4B0B-92C1-6021EEEE7023}
		{54C7CAAB-41E9-4805-AA40-C1F30A626A1E} = {43BC8307-C7C8-4B0B-92C1-6021EEEE7023}
		{6057391A-EAAA-457A-9E3F-39D57217E74C} = {D41A8185-7225-443F-915F-D0817C25EF6C}
		{4C84F4BD-EE3C-4DA3-9F00-AAD5FCC6A2AC} = {D41A8185-7225-443F-915F-D0817C25EF6C}
		{C18BDC07-5C81-42F0-B496-0DD14307AEFE} = {70859333-C119-4CC3-9643-A6F7975B9057}
		{7EBFEC17-8381-4B36-B128-3A49EF1AF5D7} = {70859333-C119-4CC3-9643-A6F7975B9057}
		{792E0726-804B-45CC-A1E0-D9137E7241E5} = {70859333-C119-4CC3-9643-A6F7975B9057}
		{F2CE2936-9A86-4B6E-81E6-073081664716} = {DE623836-6B38-4683-BAAE-301912A7629F}
		{BE3D24C6-0378-4779-B5AD-59E371B0749E} = {DE623836-6B38-4683-BAAE-301912A7629F}
	EndGlobalSection
	GlobalSection(ExtensibilityGlobals) = postSolution
		SolutionGuid = {44CA3BAD-9052-4292-9B55-3D785693A901}
	EndGlobalSection
EndGlobal
