
Microsoft Visual Studio Solution File, Format Version 12.00
# Visual Studio Version 17
VisualStudioVersion = 17.1.32210.238
MinimumVisualStudioVersion = 10.0.40219.1
Project("{2150E333-8FDC-42A3-9474-1A3956D46DE8}") = "Data", "Data", "{70859333-C119-4CC3-9643-A6F7975B9057}"
EndProject
Project("{2150E333-8FDC-42A3-9474-1A3956D46DE8}") = "Services", "Services", "{D41A8185-7225-443F-915F-D0817C25EF6C}"
EndProject
Project("{2150E333-8FDC-42A3-9474-1A3956D46DE8}") = "Tests", "Tests", "{DE623836-6B38-4683-BAAE-301912A7629F}"
EndProject
Project("{2150E333-8FDC-42A3-9474-1A3956D46DE8}") = "Web", "Web", "{43BC8307-C7C8-4B0B-92C1-6021EEEE7023}"
EndProject
Project("{9A19103F-16F7-4668-BE54-9A1E7A4F7556}") = "Blog.Web", "Blog.Web\Blog.Web.csproj", "{7D3A7ABA-C78D-48C3-AB88-5AE8C8C1CE9E}"
EndProject
Project("{9A19103F-16F7-4668-BE54-9A1E7A4F7556}") = "ApiTest", "ApiTest\ApiTest.csproj", "{54C7CAAB-41E9-4805-AA40-C1F30A626A1E}"
EndProject
Project("{9A19103F-16F7-4668-BE54-9A1E7A4F7556}") = "Blog.EntityServices", "Services\Blog.Services\Blog.EntityServices.csproj", "{6057391A-EAAA-457A-9E3F-39D57217E74C}"
EndProject
Project("{9A19103F-16F7-4668-BE54-9A1E7A4F7556}") = "Blog.Services.Core", "Services\Blog.Services.Core\Blog.Services.Core.csproj", "{4C84F4BD-EE3C-4DA3-9F00-AAD5FCC6A2AC}"
EndProject
Project("{9A19103F-16F7-4668-BE54-9A1E7A4F7556}") = "Blog.Data", "Data\Blog.Data\Blog.Data.csproj", "{C18BDC07-5C81-42F0-B496-0DD14307AEFE}"
EndProject
Project("{9A19103F-16F7-4668-BE54-9A1E7A4F7556}") = "Blog.Data.Core", "Data\Blog.Data.Core\Blog.Data.Core.csproj", "{7EBFEC17-8381-4B36-B128-3A49EF1AF5D7}"
EndProject
Project("{9A19103F-16F7-4668-BE54-9A1E7A4F7556}") = "Blog.Data.Models", "Data\Blog.Data.Models\Blog.Data.Models.csproj", "{792E0726-804B-45CC-A1E0-D9137E7241E5}"
EndProject
Project("{9A19103F-16F7-4668-BE54-9A1E7A4F7556}") = "Blog.IntegrationTests", "Tests\Blog.IntegrationTests\Blog.IntegrationTests.csproj", "{F2CE2936-9A86-4B6E-81E6-073081664716}"
EndProject
Project("{9A19103F-16F7-4668-BE54-9A1E7A4F7556}") = "Blog.UnitTests", "Tests\Blog.UnitTests\Blog.UnitTests.csproj", "{BE3D24C6-0378-4779-B5AD-59E371B0749E}"
EndProject
Project("{2150E333-8FDC-42A3-9474-1A3956D46DE8}") = "Shared", "Shared", "{6044930A-63B6-4ED9-9069-A763D2B659B6}"
EndProject
Project("{9A19103F-16F7-4668-BE54-9A1E7A4F7556}") = "Blog.Contracts", "..\Shared\Blog.Contracts\Blog.Contracts.csproj", "{27AFE213-BD81-4E93-B755-2F1FF74A31D4}"
EndProject
Project("{9A19103F-16F7-4668-BE54-9A1E7A4F7556}") = "Blog.Core", "..\Shared\Blog.Core\Blog.Core.csproj", "{E4C0BCE4-F053-4BC5-802C-E8237D56D189}"
EndProject
Project("{2150E333-8FDC-42A3-9474-1A3956D46DE8}") = "Sdk", "Sdk", "{7464DE21-9249-49B5-B954-179B04C05813}"
EndProject
Project("{9A19103F-16F7-4668-BE54-9A1E7A4F7556}") = "Blog.Sdk", "..\Sdk\Blog.Sdk\Blog.Sdk.csproj", "{45BE720A-2D08-4DD9-B7B1-A2745E4D1E72}"
EndProject
Project("{9A19103F-16F7-4668-BE54-9A1E7A4F7556}") = "Blog.Sdk.ExampleUsage", "..\Sdk\Blog.Sdk.ExampleUsage\Blog.Sdk.ExampleUsage.csproj", "{F519ED9C-E74B-404F-898B-40A79E81DA60}"
EndProject
Project("{9A19103F-16F7-4668-BE54-9A1E7A4F7556}") = "Blog.CommonServices", "Services\Blog.CommonServices\Blog.CommonServices.csproj", "{8B35D9C4-3333-4B59-AE89-4B1E44FBE771}"
EndProject
Project("{9A19103F-16F7-4668-BE54-9A1E7A4F7556}") = "BlogRazor", "..\Clients\BlogRazor\BlogRazor.csproj", "{3151CC92-6500-4357-8EA0-97B7B409B9A1}"
EndProject
Project("{2150E333-8FDC-42A3-9474-1A3956D46DE8}") = "Clients", "Clients", "{AF92A40E-705C-4006-B684-7EABB1BC038E}"
EndProject
Project("{9A19103F-16F7-4668-BE54-9A1E7A4F7556}") = "Blog.ServicesTests", "Tests\Blog.ServicesTests\Blog.ServicesTests.csproj", "{8AE98490-2264-4CBC-8B61-62DA16A2EC82}"
EndProject
Project("{FAE04EC0-301F-11D3-BF4B-00C04F79EFBC}") = "BlogWindowsClient", "..\Clients\BlogWindowsClient\BlogWindowsClient.csproj", "{23B31CAE-33E2-4404-9171-C4D1A9432A36}"
EndProject
Global
	GlobalSection(SolutionConfigurationPlatforms) = preSolution
		Debug|Any CPU = Debug|Any CPU
		Debug|ARM = Debug|ARM
		Debug|ARM64 = Debug|ARM64
		Debug|x64 = Debug|x64
		Debug|x86 = Debug|x86
		Release|Any CPU = Release|Any CPU
		Release|ARM = Release|ARM
		Release|ARM64 = Release|ARM64
		Release|x64 = Release|x64
		Release|x86 = Release|x86
	EndGlobalSection
	GlobalSection(ProjectConfigurationPlatforms) = postSolution
		{7D3A7ABA-C78D-48C3-AB88-5AE8C8C1CE9E}.Debug|Any CPU.ActiveCfg = Debug|Any CPU
		{7D3A7ABA-C78D-48C3-AB88-5AE8C8C1CE9E}.Debug|Any CPU.Build.0 = Debug|Any CPU
		{7D3A7ABA-C78D-48C3-AB88-5AE8C8C1CE9E}.Debug|ARM.ActiveCfg = Debug|Any CPU
		{7D3A7ABA-C78D-48C3-AB88-5AE8C8C1CE9E}.Debug|ARM.Build.0 = Debug|Any CPU
		{7D3A7ABA-C78D-48C3-AB88-5AE8C8C1CE9E}.Debug|ARM64.ActiveCfg = Debug|Any CPU
		{7D3A7ABA-C78D-48C3-AB88-5AE8C8C1CE9E}.Debug|ARM64.Build.0 = Debug|Any CPU
		{7D3A7ABA-C78D-48C3-AB88-5AE8C8C1CE9E}.Debug|x64.ActiveCfg = Debug|Any CPU
		{7D3A7ABA-C78D-48C3-AB88-5AE8C8C1CE9E}.Debug|x64.Build.0 = Debug|Any CPU
		{7D3A7ABA-C78D-48C3-AB88-5AE8C8C1CE9E}.Debug|x86.ActiveCfg = Debug|Any CPU
		{7D3A7ABA-C78D-48C3-AB88-5AE8C8C1CE9E}.Debug|x86.Build.0 = Debug|Any CPU
		{7D3A7ABA-C78D-48C3-AB88-5AE8C8C1CE9E}.Release|Any CPU.ActiveCfg = Release|Any CPU
		{7D3A7ABA-C78D-48C3-AB88-5AE8C8C1CE9E}.Release|Any CPU.Build.0 = Release|Any CPU
		{7D3A7ABA-C78D-48C3-AB88-5AE8C8C1CE9E}.Release|ARM.ActiveCfg = Release|Any CPU
		{7D3A7ABA-C78D-48C3-AB88-5AE8C8C1CE9E}.Release|ARM.Build.0 = Release|Any CPU
		{7D3A7ABA-C78D-48C3-AB88-5AE8C8C1CE9E}.Release|ARM64.ActiveCfg = Release|Any CPU
		{7D3A7ABA-C78D-48C3-AB88-5AE8C8C1CE9E}.Release|ARM64.Build.0 = Release|Any CPU
		{7D3A7ABA-C78D-48C3-AB88-5AE8C8C1CE9E}.Release|x64.ActiveCfg = Release|Any CPU
		{7D3A7ABA-C78D-48C3-AB88-5AE8C8C1CE9E}.Release|x64.Build.0 = Release|Any CPU
		{7D3A7ABA-C78D-48C3-AB88-5AE8C8C1CE9E}.Release|x86.ActiveCfg = Release|Any CPU
		{7D3A7ABA-C78D-48C3-AB88-5AE8C8C1CE9E}.Release|x86.Build.0 = Release|Any CPU
		{54C7CAAB-41E9-4805-AA40-C1F30A626A1E}.Debug|Any CPU.ActiveCfg = Debug|Any CPU
		{54C7CAAB-41E9-4805-AA40-C1F30A626A1E}.Debug|Any CPU.Build.0 = Debug|Any CPU
		{54C7CAAB-41E9-4805-AA40-C1F30A626A1E}.Debug|ARM.ActiveCfg = Debug|Any CPU
		{54C7CAAB-41E9-4805-AA40-C1F30A626A1E}.Debug|ARM.Build.0 = Debug|Any CPU
		{54C7CAAB-41E9-4805-AA40-C1F30A626A1E}.Debug|ARM64.ActiveCfg = Debug|Any CPU
		{54C7CAAB-41E9-4805-AA40-C1F30A626A1E}.Debug|ARM64.Build.0 = Debug|Any CPU
		{54C7CAAB-41E9-4805-AA40-C1F30A626A1E}.Debug|x64.ActiveCfg = Debug|Any CPU
		{54C7CAAB-41E9-4805-AA40-C1F30A626A1E}.Debug|x64.Build.0 = Debug|Any CPU
		{54C7CAAB-41E9-4805-AA40-C1F30A626A1E}.Debug|x86.ActiveCfg = Debug|Any CPU
		{54C7CAAB-41E9-4805-AA40-C1F30A626A1E}.Debug|x86.Build.0 = Debug|Any CPU
		{54C7CAAB-41E9-4805-AA40-C1F30A626A1E}.Release|Any CPU.ActiveCfg = Release|Any CPU
		{54C7CAAB-41E9-4805-AA40-C1F30A626A1E}.Release|Any CPU.Build.0 = Release|Any CPU
		{54C7CAAB-41E9-4805-AA40-C1F30A626A1E}.Release|ARM.ActiveCfg = Release|Any CPU
		{54C7CAAB-41E9-4805-AA40-C1F30A626A1E}.Release|ARM.Build.0 = Release|Any CPU
		{54C7CAAB-41E9-4805-AA40-C1F30A626A1E}.Release|ARM64.ActiveCfg = Release|Any CPU
		{54C7CAAB-41E9-4805-AA40-C1F30A626A1E}.Release|ARM64.Build.0 = Release|Any CPU
		{54C7CAAB-41E9-4805-AA40-C1F30A626A1E}.Release|x64.ActiveCfg = Release|Any CPU
		{54C7CAAB-41E9-4805-AA40-C1F30A626A1E}.Release|x64.Build.0 = Release|Any CPU
		{54C7CAAB-41E9-4805-AA40-C1F30A626A1E}.Release|x86.ActiveCfg = Release|Any CPU
		{54C7CAAB-41E9-4805-AA40-C1F30A626A1E}.Release|x86.Build.0 = Release|Any CPU
		{6057391A-EAAA-457A-9E3F-39D57217E74C}.Debug|Any CPU.ActiveCfg = Debug|Any CPU
		{6057391A-EAAA-457A-9E3F-39D57217E74C}.Debug|Any CPU.Build.0 = Debug|Any CPU
		{6057391A-EAAA-457A-9E3F-39D57217E74C}.Debug|ARM.ActiveCfg = Debug|Any CPU
		{6057391A-EAAA-457A-9E3F-39D57217E74C}.Debug|ARM.Build.0 = Debug|Any CPU
		{6057391A-EAAA-457A-9E3F-39D57217E74C}.Debug|ARM64.ActiveCfg = Debug|Any CPU
		{6057391A-EAAA-457A-9E3F-39D57217E74C}.Debug|ARM64.Build.0 = Debug|Any CPU
		{6057391A-EAAA-457A-9E3F-39D57217E74C}.Debug|x64.ActiveCfg = Debug|Any CPU
		{6057391A-EAAA-457A-9E3F-39D57217E74C}.Debug|x64.Build.0 = Debug|Any CPU
		{6057391A-EAAA-457A-9E3F-39D57217E74C}.Debug|x86.ActiveCfg = Debug|Any CPU
		{6057391A-EAAA-457A-9E3F-39D57217E74C}.Debug|x86.Build.0 = Debug|Any CPU
		{6057391A-EAAA-457A-9E3F-39D57217E74C}.Release|Any CPU.ActiveCfg = Release|Any CPU
		{6057391A-EAAA-457A-9E3F-39D57217E74C}.Release|Any CPU.Build.0 = Release|Any CPU
		{6057391A-EAAA-457A-9E3F-39D57217E74C}.Release|ARM.ActiveCfg = Release|Any CPU
		{6057391A-EAAA-457A-9E3F-39D57217E74C}.Release|ARM.Build.0 = Release|Any CPU
		{6057391A-EAAA-457A-9E3F-39D57217E74C}.Release|ARM64.ActiveCfg = Release|Any CPU
		{6057391A-EAAA-457A-9E3F-39D57217E74C}.Release|ARM64.Build.0 = Release|Any CPU
		{6057391A-EAAA-457A-9E3F-39D57217E74C}.Release|x64.ActiveCfg = Release|Any CPU
		{6057391A-EAAA-457A-9E3F-39D57217E74C}.Release|x64.Build.0 = Release|Any CPU
		{6057391A-EAAA-457A-9E3F-39D57217E74C}.Release|x86.ActiveCfg = Release|Any CPU
		{6057391A-EAAA-457A-9E3F-39D57217E74C}.Release|x86.Build.0 = Release|Any CPU
		{4C84F4BD-EE3C-4DA3-9F00-AAD5FCC6A2AC}.Debug|Any CPU.ActiveCfg = Debug|Any CPU
		{4C84F4BD-EE3C-4DA3-9F00-AAD5FCC6A2AC}.Debug|Any CPU.Build.0 = Debug|Any CPU
		{4C84F4BD-EE3C-4DA3-9F00-AAD5FCC6A2AC}.Debug|ARM.ActiveCfg = Debug|Any CPU
		{4C84F4BD-EE3C-4DA3-9F00-AAD5FCC6A2AC}.Debug|ARM.Build.0 = Debug|Any CPU
		{4C84F4BD-EE3C-4DA3-9F00-AAD5FCC6A2AC}.Debug|ARM64.ActiveCfg = Debug|Any CPU
		{4C84F4BD-EE3C-4DA3-9F00-AAD5FCC6A2AC}.Debug|ARM64.Build.0 = Debug|Any CPU
		{4C84F4BD-EE3C-4DA3-9F00-AAD5FCC6A2AC}.Debug|x64.ActiveCfg = Debug|Any CPU
		{4C84F4BD-EE3C-4DA3-9F00-AAD5FCC6A2AC}.Debug|x64.Build.0 = Debug|Any CPU
		{4C84F4BD-EE3C-4DA3-9F00-AAD5FCC6A2AC}.Debug|x86.ActiveCfg = Debug|Any CPU
		{4C84F4BD-EE3C-4DA3-9F00-AAD5FCC6A2AC}.Debug|x86.Build.0 = Debug|Any CPU
		{4C84F4BD-EE3C-4DA3-9F00-AAD5FCC6A2AC}.Release|Any CPU.ActiveCfg = Release|Any CPU
		{4C84F4BD-EE3C-4DA3-9F00-AAD5FCC6A2AC}.Release|Any CPU.Build.0 = Release|Any CPU
		{4C84F4BD-EE3C-4DA3-9F00-AAD5FCC6A2AC}.Release|ARM.ActiveCfg = Release|Any CPU
		{4C84F4BD-EE3C-4DA3-9F00-AAD5FCC6A2AC}.Release|ARM.Build.0 = Release|Any CPU
		{4C84F4BD-EE3C-4DA3-9F00-AAD5FCC6A2AC}.Release|ARM64.ActiveCfg = Release|Any CPU
		{4C84F4BD-EE3C-4DA3-9F00-AAD5FCC6A2AC}.Release|ARM64.Build.0 = Release|Any CPU
		{4C84F4BD-EE3C-4DA3-9F00-AAD5FCC6A2AC}.Release|x64.ActiveCfg = Release|Any CPU
		{4C84F4BD-EE3C-4DA3-9F00-AAD5FCC6A2AC}.Release|x64.Build.0 = Release|Any CPU
		{4C84F4BD-EE3C-4DA3-9F00-AAD5FCC6A2AC}.Release|x86.ActiveCfg = Release|Any CPU
		{4C84F4BD-EE3C-4DA3-9F00-AAD5FCC6A2AC}.Release|x86.Build.0 = Release|Any CPU
		{C18BDC07-5C81-42F0-B496-0DD14307AEFE}.Debug|Any CPU.ActiveCfg = Debug|Any CPU
		{C18BDC07-5C81-42F0-B496-0DD14307AEFE}.Debug|Any CPU.Build.0 = Debug|Any CPU
		{C18BDC07-5C81-42F0-B496-0DD14307AEFE}.Debug|ARM.ActiveCfg = Debug|Any CPU
		{C18BDC07-5C81-42F0-B496-0DD14307AEFE}.Debug|ARM.Build.0 = Debug|Any CPU
		{C18BDC07-5C81-42F0-B496-0DD14307AEFE}.Debug|ARM64.ActiveCfg = Debug|Any CPU
		{C18BDC07-5C81-42F0-B496-0DD14307AEFE}.Debug|ARM64.Build.0 = Debug|Any CPU
		{C18BDC07-5C81-42F0-B496-0DD14307AEFE}.Debug|x64.ActiveCfg = Debug|Any CPU
		{C18BDC07-5C81-42F0-B496-0DD14307AEFE}.Debug|x64.Build.0 = Debug|Any CPU
		{C18BDC07-5C81-42F0-B496-0DD14307AEFE}.Debug|x86.ActiveCfg = Debug|Any CPU
		{C18BDC07-5C81-42F0-B496-0DD14307AEFE}.Debug|x86.Build.0 = Debug|Any CPU
		{C18BDC07-5C81-42F0-B496-0DD14307AEFE}.Release|Any CPU.ActiveCfg = Release|Any CPU
		{C18BDC07-5C81-42F0-B496-0DD14307AEFE}.Release|Any CPU.Build.0 = Release|Any CPU
		{C18BDC07-5C81-42F0-B496-0DD14307AEFE}.Release|ARM.ActiveCfg = Release|Any CPU
		{C18BDC07-5C81-42F0-B496-0DD14307AEFE}.Release|ARM.Build.0 = Release|Any CPU
		{C18BDC07-5C81-42F0-B496-0DD14307AEFE}.Release|ARM64.ActiveCfg = Release|Any CPU
		{C18BDC07-5C81-42F0-B496-0DD14307AEFE}.Release|ARM64.Build.0 = Release|Any CPU
		{C18BDC07-5C81-42F0-B496-0DD14307AEFE}.Release|x64.ActiveCfg = Release|Any CPU
		{C18BDC07-5C81-42F0-B496-0DD14307AEFE}.Release|x64.Build.0 = Release|Any CPU
		{C18BDC07-5C81-42F0-B496-0DD14307AEFE}.Release|x86.ActiveCfg = Release|Any CPU
		{C18BDC07-5C81-42F0-B496-0DD14307AEFE}.Release|x86.Build.0 = Release|Any CPU
		{7EBFEC17-8381-4B36-B128-3A49EF1AF5D7}.Debug|Any CPU.ActiveCfg = Debug|Any CPU
		{7EBFEC17-8381-4B36-B128-3A49EF1AF5D7}.Debug|Any CPU.Build.0 = Debug|Any CPU
		{7EBFEC17-8381-4B36-B128-3A49EF1AF5D7}.Debug|ARM.ActiveCfg = Debug|Any CPU
		{7EBFEC17-8381-4B36-B128-3A49EF1AF5D7}.Debug|ARM.Build.0 = Debug|Any CPU
		{7EBFEC17-8381-4B36-B128-3A49EF1AF5D7}.Debug|ARM64.ActiveCfg = Debug|Any CPU
		{7EBFEC17-8381-4B36-B128-3A49EF1AF5D7}.Debug|ARM64.Build.0 = Debug|Any CPU
		{7EBFEC17-8381-4B36-B128-3A49EF1AF5D7}.Debug|x64.ActiveCfg = Debug|Any CPU
		{7EBFEC17-8381-4B36-B128-3A49EF1AF5D7}.Debug|x64.Build.0 = Debug|Any CPU
		{7EBFEC17-8381-4B36-B128-3A49EF1AF5D7}.Debug|x86.ActiveCfg = Debug|Any CPU
		{7EBFEC17-8381-4B36-B128-3A49EF1AF5D7}.Debug|x86.Build.0 = Debug|Any CPU
		{7EBFEC17-8381-4B36-B128-3A49EF1AF5D7}.Release|Any CPU.ActiveCfg = Release|Any CPU
		{7EBFEC17-8381-4B36-B128-3A49EF1AF5D7}.Release|Any CPU.Build.0 = Release|Any CPU
		{7EBFEC17-8381-4B36-B128-3A49EF1AF5D7}.Release|ARM.ActiveCfg = Release|Any CPU
		{7EBFEC17-8381-4B36-B128-3A49EF1AF5D7}.Release|ARM.Build.0 = Release|Any CPU
		{7EBFEC17-8381-4B36-B128-3A49EF1AF5D7}.Release|ARM64.ActiveCfg = Release|Any CPU
		{7EBFEC17-8381-4B36-B128-3A49EF1AF5D7}.Release|ARM64.Build.0 = Release|Any CPU
		{7EBFEC17-8381-4B36-B128-3A49EF1AF5D7}.Release|x64.ActiveCfg = Release|Any CPU
		{7EBFEC17-8381-4B36-B128-3A49EF1AF5D7}.Release|x64.Build.0 = Release|Any CPU
		{7EBFEC17-8381-4B36-B128-3A49EF1AF5D7}.Release|x86.ActiveCfg = Release|Any CPU
		{7EBFEC17-8381-4B36-B128-3A49EF1AF5D7}.Release|x86.Build.0 = Release|Any CPU
		{792E0726-804B-45CC-A1E0-D9137E7241E5}.Debug|Any CPU.ActiveCfg = Debug|Any CPU
		{792E0726-804B-45CC-A1E0-D9137E7241E5}.Debug|Any CPU.Build.0 = Debug|Any CPU
		{792E0726-804B-45CC-A1E0-D9137E7241E5}.Debug|ARM.ActiveCfg = Debug|Any CPU
		{792E0726-804B-45CC-A1E0-D9137E7241E5}.Debug|ARM.Build.0 = Debug|Any CPU
		{792E0726-804B-45CC-A1E0-D9137E7241E5}.Debug|ARM64.ActiveCfg = Debug|Any CPU
		{792E0726-804B-45CC-A1E0-D9137E7241E5}.Debug|ARM64.Build.0 = Debug|Any CPU
		{792E0726-804B-45CC-A1E0-D9137E7241E5}.Debug|x64.ActiveCfg = Debug|Any CPU
		{792E0726-804B-45CC-A1E0-D9137E7241E5}.Debug|x64.Build.0 = Debug|Any CPU
		{792E0726-804B-45CC-A1E0-D9137E7241E5}.Debug|x86.ActiveCfg = Debug|Any CPU
		{792E0726-804B-45CC-A1E0-D9137E7241E5}.Debug|x86.Build.0 = Debug|Any CPU
		{792E0726-804B-45CC-A1E0-D9137E7241E5}.Release|Any CPU.ActiveCfg = Release|Any CPU
		{792E0726-804B-45CC-A1E0-D9137E7241E5}.Release|Any CPU.Build.0 = Release|Any CPU
		{792E0726-804B-45CC-A1E0-D9137E7241E5}.Release|ARM.ActiveCfg = Release|Any CPU
		{792E0726-804B-45CC-A1E0-D9137E7241E5}.Release|ARM.Build.0 = Release|Any CPU
		{792E0726-804B-45CC-A1E0-D9137E7241E5}.Release|ARM64.ActiveCfg = Release|Any CPU
		{792E0726-804B-45CC-A1E0-D9137E7241E5}.Release|ARM64.Build.0 = Release|Any CPU
		{792E0726-804B-45CC-A1E0-D9137E7241E5}.Release|x64.ActiveCfg = Release|Any CPU
		{792E0726-804B-45CC-A1E0-D9137E7241E5}.Release|x64.Build.0 = Release|Any CPU
		{792E0726-804B-45CC-A1E0-D9137E7241E5}.Release|x86.ActiveCfg = Release|Any CPU
		{792E0726-804B-45CC-A1E0-D9137E7241E5}.Release|x86.Build.0 = Release|Any CPU
		{F2CE2936-9A86-4B6E-81E6-073081664716}.Debug|Any CPU.ActiveCfg = Debug|Any CPU
		{F2CE2936-9A86-4B6E-81E6-073081664716}.Debug|Any CPU.Build.0 = Debug|Any CPU
		{F2CE2936-9A86-4B6E-81E6-073081664716}.Debug|ARM.ActiveCfg = Debug|Any CPU
		{F2CE2936-9A86-4B6E-81E6-073081664716}.Debug|ARM.Build.0 = Debug|Any CPU
		{F2CE2936-9A86-4B6E-81E6-073081664716}.Debug|ARM64.ActiveCfg = Debug|Any CPU
		{F2CE2936-9A86-4B6E-81E6-073081664716}.Debug|ARM64.Build.0 = Debug|Any CPU
		{F2CE2936-9A86-4B6E-81E6-073081664716}.Debug|x64.ActiveCfg = Debug|Any CPU
		{F2CE2936-9A86-4B6E-81E6-073081664716}.Debug|x64.Build.0 = Debug|Any CPU
		{F2CE2936-9A86-4B6E-81E6-073081664716}.Debug|x86.ActiveCfg = Debug|Any CPU
		{F2CE2936-9A86-4B6E-81E6-073081664716}.Debug|x86.Build.0 = Debug|Any CPU
		{F2CE2936-9A86-4B6E-81E6-073081664716}.Release|Any CPU.ActiveCfg = Release|Any CPU
		{F2CE2936-9A86-4B6E-81E6-073081664716}.Release|Any CPU.Build.0 = Release|Any CPU
		{F2CE2936-9A86-4B6E-81E6-073081664716}.Release|ARM.ActiveCfg = Release|Any CPU
		{F2CE2936-9A86-4B6E-81E6-073081664716}.Release|ARM.Build.0 = Release|Any CPU
		{F2CE2936-9A86-4B6E-81E6-073081664716}.Release|ARM64.ActiveCfg = Release|Any CPU
		{F2CE2936-9A86-4B6E-81E6-073081664716}.Release|ARM64.Build.0 = Release|Any CPU
		{F2CE2936-9A86-4B6E-81E6-073081664716}.Release|x64.ActiveCfg = Release|Any CPU
		{F2CE2936-9A86-4B6E-81E6-073081664716}.Release|x64.Build.0 = Release|Any CPU
		{F2CE2936-9A86-4B6E-81E6-073081664716}.Release|x86.ActiveCfg = Release|Any CPU
		{F2CE2936-9A86-4B6E-81E6-073081664716}.Release|x86.Build.0 = Release|Any CPU
		{BE3D24C6-0378-4779-B5AD-59E371B0749E}.Debug|Any CPU.ActiveCfg = Debug|Any CPU
		{BE3D24C6-0378-4779-B5AD-59E371B0749E}.Debug|Any CPU.Build.0 = Debug|Any CPU
		{BE3D24C6-0378-4779-B5AD-59E371B0749E}.Debug|ARM.ActiveCfg = Debug|Any CPU
		{BE3D24C6-0378-4779-B5AD-59E371B0749E}.Debug|ARM.Build.0 = Debug|Any CPU
		{BE3D24C6-0378-4779-B5AD-59E371B0749E}.Debug|ARM64.ActiveCfg = Debug|Any CPU
		{BE3D24C6-0378-4779-B5AD-59E371B0749E}.Debug|ARM64.Build.0 = Debug|Any CPU
		{BE3D24C6-0378-4779-B5AD-59E371B0749E}.Debug|x64.ActiveCfg = Debug|Any CPU
		{BE3D24C6-0378-4779-B5AD-59E371B0749E}.Debug|x64.Build.0 = Debug|Any CPU
		{BE3D24C6-0378-4779-B5AD-59E371B0749E}.Debug|x86.ActiveCfg = Debug|Any CPU
		{BE3D24C6-0378-4779-B5AD-59E371B0749E}.Debug|x86.Build.0 = Debug|Any CPU
		{BE3D24C6-0378-4779-B5AD-59E371B0749E}.Release|Any CPU.ActiveCfg = Release|Any CPU
		{BE3D24C6-0378-4779-B5AD-59E371B0749E}.Release|Any CPU.Build.0 = Release|Any CPU
		{BE3D24C6-0378-4779-B5AD-59E371B0749E}.Release|ARM.ActiveCfg = Release|Any CPU
		{BE3D24C6-0378-4779-B5AD-59E371B0749E}.Release|ARM.Build.0 = Release|Any CPU
		{BE3D24C6-0378-4779-B5AD-59E371B0749E}.Release|ARM64.ActiveCfg = Release|Any CPU
		{BE3D24C6-0378-4779-B5AD-59E371B0749E}.Release|ARM64.Build.0 = Release|Any CPU
		{BE3D24C6-0378-4779-B5AD-59E371B0749E}.Release|x64.ActiveCfg = Release|Any CPU
		{BE3D24C6-0378-4779-B5AD-59E371B0749E}.Release|x64.Build.0 = Release|Any CPU
		{BE3D24C6-0378-4779-B5AD-59E371B0749E}.Release|x86.ActiveCfg = Release|Any CPU
		{BE3D24C6-0378-4779-B5AD-59E371B0749E}.Release|x86.Build.0 = Release|Any CPU
		{27AFE213-BD81-4E93-B755-2F1FF74A31D4}.Debug|Any CPU.ActiveCfg = Debug|Any CPU
		{27AFE213-BD81-4E93-B755-2F1FF74A31D4}.Debug|Any CPU.Build.0 = Debug|Any CPU
		{27AFE213-BD81-4E93-B755-2F1FF74A31D4}.Debug|ARM.ActiveCfg = Debug|Any CPU
		{27AFE213-BD81-4E93-B755-2F1FF74A31D4}.Debug|ARM.Build.0 = Debug|Any CPU
		{27AFE213-BD81-4E93-B755-2F1FF74A31D4}.Debug|ARM64.ActiveCfg = Debug|Any CPU
		{27AFE213-BD81-4E93-B755-2F1FF74A31D4}.Debug|ARM64.Build.0 = Debug|Any CPU
		{27AFE213-BD81-4E93-B755-2F1FF74A31D4}.Debug|x64.ActiveCfg = Debug|Any CPU
		{27AFE213-BD81-4E93-B755-2F1FF74A31D4}.Debug|x64.Build.0 = Debug|Any CPU
		{27AFE213-BD81-4E93-B755-2F1FF74A31D4}.Debug|x86.ActiveCfg = Debug|Any CPU
		{27AFE213-BD81-4E93-B755-2F1FF74A31D4}.Debug|x86.Build.0 = Debug|Any CPU
		{27AFE213-BD81-4E93-B755-2F1FF74A31D4}.Release|Any CPU.ActiveCfg = Release|Any CPU
		{27AFE213-BD81-4E93-B755-2F1FF74A31D4}.Release|Any CPU.Build.0 = Release|Any CPU
		{27AFE213-BD81-4E93-B755-2F1FF74A31D4}.Release|ARM.ActiveCfg = Release|Any CPU
		{27AFE213-BD81-4E93-B755-2F1FF74A31D4}.Release|ARM.Build.0 = Release|Any CPU
		{27AFE213-BD81-4E93-B755-2F1FF74A31D4}.Release|ARM64.ActiveCfg = Release|Any CPU
		{27AFE213-BD81-4E93-B755-2F1FF74A31D4}.Release|ARM64.Build.0 = Release|Any CPU
		{27AFE213-BD81-4E93-B755-2F1FF74A31D4}.Release|x64.ActiveCfg = Release|Any CPU
		{27AFE213-BD81-4E93-B755-2F1FF74A31D4}.Release|x64.Build.0 = Release|Any CPU
		{27AFE213-BD81-4E93-B755-2F1FF74A31D4}.Release|x86.ActiveCfg = Release|Any CPU
		{27AFE213-BD81-4E93-B755-2F1FF74A31D4}.Release|x86.Build.0 = Release|Any CPU
		{E4C0BCE4-F053-4BC5-802C-E8237D56D189}.Debug|Any CPU.ActiveCfg = Debug|Any CPU
		{E4C0BCE4-F053-4BC5-802C-E8237D56D189}.Debug|Any CPU.Build.0 = Debug|Any CPU
		{E4C0BCE4-F053-4BC5-802C-E8237D56D189}.Debug|ARM.ActiveCfg = Debug|Any CPU
		{E4C0BCE4-F053-4BC5-802C-E8237D56D189}.Debug|ARM.Build.0 = Debug|Any CPU
		{E4C0BCE4-F053-4BC5-802C-E8237D56D189}.Debug|ARM64.ActiveCfg = Debug|Any CPU
		{E4C0BCE4-F053-4BC5-802C-E8237D56D189}.Debug|ARM64.Build.0 = Debug|Any CPU
		{E4C0BCE4-F053-4BC5-802C-E8237D56D189}.Debug|x64.ActiveCfg = Debug|Any CPU
		{E4C0BCE4-F053-4BC5-802C-E8237D56D189}.Debug|x64.Build.0 = Debug|Any CPU
		{E4C0BCE4-F053-4BC5-802C-E8237D56D189}.Debug|x86.ActiveCfg = Debug|Any CPU
		{E4C0BCE4-F053-4BC5-802C-E8237D56D189}.Debug|x86.Build.0 = Debug|Any CPU
		{E4C0BCE4-F053-4BC5-802C-E8237D56D189}.Release|Any CPU.ActiveCfg = Release|Any CPU
		{E4C0BCE4-F053-4BC5-802C-E8237D56D189}.Release|Any CPU.Build.0 = Release|Any CPU
		{E4C0BCE4-F053-4BC5-802C-E8237D56D189}.Release|ARM.ActiveCfg = Release|Any CPU
		{E4C0BCE4-F053-4BC5-802C-E8237D56D189}.Release|ARM.Build.0 = Release|Any CPU
		{E4C0BCE4-F053-4BC5-802C-E8237D56D189}.Release|ARM64.ActiveCfg = Release|Any CPU
		{E4C0BCE4-F053-4BC5-802C-E8237D56D189}.Release|ARM64.Build.0 = Release|Any CPU
		{E4C0BCE4-F053-4BC5-802C-E8237D56D189}.Release|x64.ActiveCfg = Release|Any CPU
		{E4C0BCE4-F053-4BC5-802C-E8237D56D189}.Release|x64.Build.0 = Release|Any CPU
		{E4C0BCE4-F053-4BC5-802C-E8237D56D189}.Release|x86.ActiveCfg = Release|Any CPU
		{E4C0BCE4-F053-4BC5-802C-E8237D56D189}.Release|x86.Build.0 = Release|Any CPU
		{45BE720A-2D08-4DD9-B7B1-A2745E4D1E72}.Debug|Any CPU.ActiveCfg = Debug|Any CPU
		{45BE720A-2D08-4DD9-B7B1-A2745E4D1E72}.Debug|Any CPU.Build.0 = Debug|Any CPU
		{45BE720A-2D08-4DD9-B7B1-A2745E4D1E72}.Debug|ARM.ActiveCfg = Debug|Any CPU
		{45BE720A-2D08-4DD9-B7B1-A2745E4D1E72}.Debug|ARM.Build.0 = Debug|Any CPU
		{45BE720A-2D08-4DD9-B7B1-A2745E4D1E72}.Debug|ARM64.ActiveCfg = Debug|Any CPU
		{45BE720A-2D08-4DD9-B7B1-A2745E4D1E72}.Debug|ARM64.Build.0 = Debug|Any CPU
		{45BE720A-2D08-4DD9-B7B1-A2745E4D1E72}.Debug|x64.ActiveCfg = Debug|Any CPU
		{45BE720A-2D08-4DD9-B7B1-A2745E4D1E72}.Debug|x64.Build.0 = Debug|Any CPU
		{45BE720A-2D08-4DD9-B7B1-A2745E4D1E72}.Debug|x86.ActiveCfg = Debug|Any CPU
		{45BE720A-2D08-4DD9-B7B1-A2745E4D1E72}.Debug|x86.Build.0 = Debug|Any CPU
		{45BE720A-2D08-4DD9-B7B1-A2745E4D1E72}.Release|Any CPU.ActiveCfg = Release|Any CPU
		{45BE720A-2D08-4DD9-B7B1-A2745E4D1E72}.Release|Any CPU.Build.0 = Release|Any CPU
		{45BE720A-2D08-4DD9-B7B1-A2745E4D1E72}.Release|ARM.ActiveCfg = Release|Any CPU
		{45BE720A-2D08-4DD9-B7B1-A2745E4D1E72}.Release|ARM.Build.0 = Release|Any CPU
		{45BE720A-2D08-4DD9-B7B1-A2745E4D1E72}.Release|ARM64.ActiveCfg = Release|Any CPU
		{45BE720A-2D08-4DD9-B7B1-A2745E4D1E72}.Release|ARM64.Build.0 = Release|Any CPU
		{45BE720A-2D08-4DD9-B7B1-A2745E4D1E72}.Release|x64.ActiveCfg = Release|Any CPU
		{45BE720A-2D08-4DD9-B7B1-A2745E4D1E72}.Release|x64.Build.0 = Release|Any CPU
		{45BE720A-2D08-4DD9-B7B1-A2745E4D1E72}.Release|x86.ActiveCfg = Release|Any CPU
		{45BE720A-2D08-4DD9-B7B1-A2745E4D1E72}.Release|x86.Build.0 = Release|Any CPU
		{F519ED9C-E74B-404F-898B-40A79E81DA60}.Debug|Any CPU.ActiveCfg = Debug|Any CPU
		{F519ED9C-E74B-404F-898B-40A79E81DA60}.Debug|Any CPU.Build.0 = Debug|Any CPU
		{F519ED9C-E74B-404F-898B-40A79E81DA60}.Debug|ARM.ActiveCfg = Debug|Any CPU
		{F519ED9C-E74B-404F-898B-40A79E81DA60}.Debug|ARM.Build.0 = Debug|Any CPU
		{F519ED9C-E74B-404F-898B-40A79E81DA60}.Debug|ARM64.ActiveCfg = Debug|Any CPU
		{F519ED9C-E74B-404F-898B-40A79E81DA60}.Debug|ARM64.Build.0 = Debug|Any CPU
		{F519ED9C-E74B-404F-898B-40A79E81DA60}.Debug|x64.ActiveCfg = Debug|Any CPU
		{F519ED9C-E74B-404F-898B-40A79E81DA60}.Debug|x64.Build.0 = Debug|Any CPU
		{F519ED9C-E74B-404F-898B-40A79E81DA60}.Debug|x86.ActiveCfg = Debug|Any CPU
		{F519ED9C-E74B-404F-898B-40A79E81DA60}.Debug|x86.Build.0 = Debug|Any CPU
		{F519ED9C-E74B-404F-898B-40A79E81DA60}.Release|Any CPU.ActiveCfg = Release|Any CPU
		{F519ED9C-E74B-404F-898B-40A79E81DA60}.Release|Any CPU.Build.0 = Release|Any CPU
		{F519ED9C-E74B-404F-898B-40A79E81DA60}.Release|ARM.ActiveCfg = Release|Any CPU
		{F519ED9C-E74B-404F-898B-40A79E81DA60}.Release|ARM.Build.0 = Release|Any CPU
		{F519ED9C-E74B-404F-898B-40A79E81DA60}.Release|ARM64.ActiveCfg = Release|Any CPU
		{F519ED9C-E74B-404F-898B-40A79E81DA60}.Release|ARM64.Build.0 = Release|Any CPU
		{F519ED9C-E74B-404F-898B-40A79E81DA60}.Release|x64.ActiveCfg = Release|Any CPU
		{F519ED9C-E74B-404F-898B-40A79E81DA60}.Release|x64.Build.0 = Release|Any CPU
		{F519ED9C-E74B-404F-898B-40A79E81DA60}.Release|x86.ActiveCfg = Release|Any CPU
		{F519ED9C-E74B-404F-898B-40A79E81DA60}.Release|x86.Build.0 = Release|Any CPU
		{8B35D9C4-3333-4B59-AE89-4B1E44FBE771}.Debug|Any CPU.ActiveCfg = Debug|Any CPU
		{8B35D9C4-3333-4B59-AE89-4B1E44FBE771}.Debug|Any CPU.Build.0 = Debug|Any CPU
		{8B35D9C4-3333-4B59-AE89-4B1E44FBE771}.Debug|ARM.ActiveCfg = Debug|Any CPU
		{8B35D9C4-3333-4B59-AE89-4B1E44FBE771}.Debug|ARM.Build.0 = Debug|Any CPU
		{8B35D9C4-3333-4B59-AE89-4B1E44FBE771}.Debug|ARM64.ActiveCfg = Debug|Any CPU
		{8B35D9C4-3333-4B59-AE89-4B1E44FBE771}.Debug|ARM64.Build.0 = Debug|Any CPU
		{8B35D9C4-3333-4B59-AE89-4B1E44FBE771}.Debug|x64.ActiveCfg = Debug|Any CPU
		{8B35D9C4-3333-4B59-AE89-4B1E44FBE771}.Debug|x64.Build.0 = Debug|Any CPU
		{8B35D9C4-3333-4B59-AE89-4B1E44FBE771}.Debug|x86.ActiveCfg = Debug|Any CPU
		{8B35D9C4-3333-4B59-AE89-4B1E44FBE771}.Debug|x86.Build.0 = Debug|Any CPU
		{8B35D9C4-3333-4B59-AE89-4B1E44FBE771}.Release|Any CPU.ActiveCfg = Release|Any CPU
		{8B35D9C4-3333-4B59-AE89-4B1E44FBE771}.Release|Any CPU.Build.0 = Release|Any CPU
		{8B35D9C4-3333-4B59-AE89-4B1E44FBE771}.Release|ARM.ActiveCfg = Release|Any CPU
		{8B35D9C4-3333-4B59-AE89-4B1E44FBE771}.Release|ARM.Build.0 = Release|Any CPU
		{8B35D9C4-3333-4B59-AE89-4B1E44FBE771}.Release|ARM64.ActiveCfg = Release|Any CPU
		{8B35D9C4-3333-4B59-AE89-4B1E44FBE771}.Release|ARM64.Build.0 = Release|Any CPU
		{8B35D9C4-3333-4B59-AE89-4B1E44FBE771}.Release|x64.ActiveCfg = Release|Any CPU
		{8B35D9C4-3333-4B59-AE89-4B1E44FBE771}.Release|x64.Build.0 = Release|Any CPU
		{8B35D9C4-3333-4B59-AE89-4B1E44FBE771}.Release|x86.ActiveCfg = Release|Any CPU
		{8B35D9C4-3333-4B59-AE89-4B1E44FBE771}.Release|x86.Build.0 = Release|Any CPU
		{3151CC92-6500-4357-8EA0-97B7B409B9A1}.Debug|Any CPU.ActiveCfg = Debug|Any CPU
		{3151CC92-6500-4357-8EA0-97B7B409B9A1}.Debug|Any CPU.Build.0 = Debug|Any CPU
		{3151CC92-6500-4357-8EA0-97B7B409B9A1}.Debug|ARM.ActiveCfg = Debug|Any CPU
		{3151CC92-6500-4357-8EA0-97B7B409B9A1}.Debug|ARM.Build.0 = Debug|Any CPU
		{3151CC92-6500-4357-8EA0-97B7B409B9A1}.Debug|ARM64.ActiveCfg = Debug|Any CPU
		{3151CC92-6500-4357-8EA0-97B7B409B9A1}.Debug|ARM64.Build.0 = Debug|Any CPU
		{3151CC92-6500-4357-8EA0-97B7B409B9A1}.Debug|x64.ActiveCfg = Debug|Any CPU
		{3151CC92-6500-4357-8EA0-97B7B409B9A1}.Debug|x64.Build.0 = Debug|Any CPU
		{3151CC92-6500-4357-8EA0-97B7B409B9A1}.Debug|x86.ActiveCfg = Debug|Any CPU
		{3151CC92-6500-4357-8EA0-97B7B409B9A1}.Debug|x86.Build.0 = Debug|Any CPU
		{3151CC92-6500-4357-8EA0-97B7B409B9A1}.Release|Any CPU.ActiveCfg = Release|Any CPU
		{3151CC92-6500-4357-8EA0-97B7B409B9A1}.Release|Any CPU.Build.0 = Release|Any CPU
		{3151CC92-6500-4357-8EA0-97B7B409B9A1}.Release|ARM.ActiveCfg = Release|Any CPU
		{3151CC92-6500-4357-8EA0-97B7B409B9A1}.Release|ARM.Build.0 = Release|Any CPU
		{3151CC92-6500-4357-8EA0-97B7B409B9A1}.Release|ARM64.ActiveCfg = Release|Any CPU
		{3151CC92-6500-4357-8EA0-97B7B409B9A1}.Release|ARM64.Build.0 = Release|Any CPU
		{3151CC92-6500-4357-8EA0-97B7B409B9A1}.Release|x64.ActiveCfg = Release|Any CPU
		{3151CC92-6500-4357-8EA0-97B7B409B9A1}.Release|x64.Build.0 = Release|Any CPU
		{3151CC92-6500-4357-8EA0-97B7B409B9A1}.Release|x86.ActiveCfg = Release|Any CPU
		{3151CC92-6500-4357-8EA0-97B7B409B9A1}.Release|x86.Build.0 = Release|Any CPU
		{8AE98490-2264-4CBC-8B61-62DA16A2EC82}.Debug|Any CPU.ActiveCfg = Debug|Any CPU
		{8AE98490-2264-4CBC-8B61-62DA16A2EC82}.Debug|Any CPU.Build.0 = Debug|Any CPU
		{8AE98490-2264-4CBC-8B61-62DA16A2EC82}.Debug|ARM.ActiveCfg = Debug|Any CPU
		{8AE98490-2264-4CBC-8B61-62DA16A2EC82}.Debug|ARM.Build.0 = Debug|Any CPU
		{8AE98490-2264-4CBC-8B61-62DA16A2EC82}.Debug|ARM64.ActiveCfg = Debug|Any CPU
		{8AE98490-2264-4CBC-8B61-62DA16A2EC82}.Debug|ARM64.Build.0 = Debug|Any CPU
		{8AE98490-2264-4CBC-8B61-62DA16A2EC82}.Debug|x64.ActiveCfg = Debug|Any CPU
		{8AE98490-2264-4CBC-8B61-62DA16A2EC82}.Debug|x64.Build.0 = Debug|Any CPU
		{8AE98490-2264-4CBC-8B61-62DA16A2EC82}.Debug|x86.ActiveCfg = Debug|Any CPU
		{8AE98490-2264-4CBC-8B61-62DA16A2EC82}.Debug|x86.Build.0 = Debug|Any CPU
		{8AE98490-2264-4CBC-8B61-62DA16A2EC82}.Release|Any CPU.ActiveCfg = Release|Any CPU
		{8AE98490-2264-4CBC-8B61-62DA16A2EC82}.Release|Any CPU.Build.0 = Release|Any CPU
		{8AE98490-2264-4CBC-8B61-62DA16A2EC82}.Release|ARM.ActiveCfg = Release|Any CPU
		{8AE98490-2264-4CBC-8B61-62DA16A2EC82}.Release|ARM.Build.0 = Release|Any CPU
		{8AE98490-2264-4CBC-8B61-62DA16A2EC82}.Release|ARM64.ActiveCfg = Release|Any CPU
		{8AE98490-2264-4CBC-8B61-62DA16A2EC82}.Release|ARM64.Build.0 = Release|Any CPU
		{8AE98490-2264-4CBC-8B61-62DA16A2EC82}.Release|x64.ActiveCfg = Release|Any CPU
		{8AE98490-2264-4CBC-8B61-62DA16A2EC82}.Release|x64.Build.0 = Release|Any CPU
		{8AE98490-2264-4CBC-8B61-62DA16A2EC82}.Release|x86.ActiveCfg = Release|Any CPU
		{8AE98490-2264-4CBC-8B61-62DA16A2EC82}.Release|x86.Build.0 = Release|Any CPU
		{23B31CAE-33E2-4404-9171-C4D1A9432A36}.Debug|Any CPU.ActiveCfg = Debug|x64
		{23B31CAE-33E2-4404-9171-C4D1A9432A36}.Debug|Any CPU.Build.0 = Debug|x64
		{23B31CAE-33E2-4404-9171-C4D1A9432A36}.Debug|Any CPU.Deploy.0 = Debug|x64
		{23B31CAE-33E2-4404-9171-C4D1A9432A36}.Debug|ARM.ActiveCfg = Debug|ARM
		{23B31CAE-33E2-4404-9171-C4D1A9432A36}.Debug|ARM.Build.0 = Debug|ARM
		{23B31CAE-33E2-4404-9171-C4D1A9432A36}.Debug|ARM.Deploy.0 = Debug|ARM
		{23B31CAE-33E2-4404-9171-C4D1A9432A36}.Debug|ARM64.ActiveCfg = Debug|ARM64
		{23B31CAE-33E2-4404-9171-C4D1A9432A36}.Debug|ARM64.Build.0 = Debug|ARM64
		{23B31CAE-33E2-4404-9171-C4D1A9432A36}.Debug|ARM64.Deploy.0 = Debug|ARM64
		{23B31CAE-33E2-4404-9171-C4D1A9432A36}.Debug|x64.ActiveCfg = Debug|x64
		{23B31CAE-33E2-4404-9171-C4D1A9432A36}.Debug|x64.Build.0 = Debug|x64
		{23B31CAE-33E2-4404-9171-C4D1A9432A36}.Debug|x64.Deploy.0 = Debug|x64
		{23B31CAE-33E2-4404-9171-C4D1A9432A36}.Debug|x86.ActiveCfg = Debug|x86
		{23B31CAE-33E2-4404-9171-C4D1A9432A36}.Debug|x86.Build.0 = Debug|x86
		{23B31CAE-33E2-4404-9171-C4D1A9432A36}.Debug|x86.Deploy.0 = Debug|x86
		{23B31CAE-33E2-4404-9171-C4D1A9432A36}.Release|Any CPU.ActiveCfg = Release|x64
		{23B31CAE-33E2-4404-9171-C4D1A9432A36}.Release|Any CPU.Build.0 = Release|x64
		{23B31CAE-33E2-4404-9171-C4D1A9432A36}.Release|Any CPU.Deploy.0 = Release|x64
		{23B31CAE-33E2-4404-9171-C4D1A9432A36}.Release|ARM.ActiveCfg = Release|ARM
		{23B31CAE-33E2-4404-9171-C4D1A9432A36}.Release|ARM.Build.0 = Release|ARM
		{23B31CAE-33E2-4404-9171-C4D1A9432A36}.Release|ARM.Deploy.0 = Release|ARM
		{23B31CAE-33E2-4404-9171-C4D1A9432A36}.Release|ARM64.ActiveCfg = Release|ARM64
		{23B31CAE-33E2-4404-9171-C4D1A9432A36}.Release|ARM64.Build.0 = Release|ARM64
		{23B31CAE-33E2-4404-9171-C4D1A9432A36}.Release|ARM64.Deploy.0 = Release|ARM64
		{23B31CAE-33E2-4404-9171-C4D1A9432A36}.Release|x64.ActiveCfg = Release|x64
		{23B31CAE-33E2-4404-9171-C4D1A9432A36}.Release|x64.Build.0 = Release|x64
		{23B31CAE-33E2-4404-9171-C4D1A9432A36}.Release|x64.Deploy.0 = Release|x64
		{23B31CAE-33E2-4404-9171-C4D1A9432A36}.Release|x86.ActiveCfg = Release|x86
		{23B31CAE-33E2-4404-9171-C4D1A9432A36}.Release|x86.Build.0 = Release|x86
		{23B31CAE-33E2-4404-9171-C4D1A9432A36}.Release|x86.Deploy.0 = Release|x86
	EndGlobalSection
	GlobalSection(SolutionProperties) = preSolution
		HideSolutionNode = FALSE
	EndGlobalSection
	GlobalSection(NestedProjects) = preSolution
		{7D3A7ABA-C78D-48C3-AB88-5AE8C8C1CE9E} = {43BC8307-C7C8-4B0B-92C1-6021EEEE7023}
		{54C7CAAB-41E9-4805-AA40-C1F30A626A1E} = {43BC8307-C7C8-4B0B-92C1-6021EEEE7023}
		{6057391A-EAAA-457A-9E3F-39D57217E74C} = {D41A8185-7225-443F-915F-D0817C25EF6C}
		{4C84F4BD-EE3C-4DA3-9F00-AAD5FCC6A2AC} = {D41A8185-7225-443F-915F-D0817C25EF6C}
		{C18BDC07-5C81-42F0-B496-0DD14307AEFE} = {70859333-C119-4CC3-9643-A6F7975B9057}
		{7EBFEC17-8381-4B36-B128-3A49EF1AF5D7} = {70859333-C119-4CC3-9643-A6F7975B9057}
		{792E0726-804B-45CC-A1E0-D9137E7241E5} = {70859333-C119-4CC3-9643-A6F7975B9057}
		{F2CE2936-9A86-4B6E-81E6-073081664716} = {DE623836-6B38-4683-BAAE-301912A7629F}
		{BE3D24C6-0378-4779-B5AD-59E371B0749E} = {DE623836-6B38-4683-BAAE-301912A7629F}
		{27AFE213-BD81-4E93-B755-2F1FF74A31D4} = {6044930A-63B6-4ED9-9069-A763D2B659B6}
		{E4C0BCE4-F053-4BC5-802C-E8237D56D189} = {6044930A-63B6-4ED9-9069-A763D2B659B6}
		{45BE720A-2D08-4DD9-B7B1-A2745E4D1E72} = {7464DE21-9249-49B5-B954-179B04C05813}
		{F519ED9C-E74B-404F-898B-40A79E81DA60} = {7464DE21-9249-49B5-B954-179B04C05813}
		{8B35D9C4-3333-4B59-AE89-4B1E44FBE771} = {D41A8185-7225-443F-915F-D0817C25EF6C}
		{3151CC92-6500-4357-8EA0-97B7B409B9A1} = {AF92A40E-705C-4006-B684-7EABB1BC038E}
		{8AE98490-2264-4CBC-8B61-62DA16A2EC82} = {DE623836-6B38-4683-BAAE-301912A7629F}
		{23B31CAE-33E2-4404-9171-C4D1A9432A36} = {AF92A40E-705C-4006-B684-7EABB1BC038E}
	EndGlobalSection
	GlobalSection(ExtensibilityGlobals) = postSolution
		SolutionGuid = {44CA3BAD-9052-4292-9B55-3D785693A901}
	EndGlobalSection
EndGlobal
